
Microsoft Visual Studio Solution File, Format Version 12.00
# Visual Studio Version 17
VisualStudioVersion = 17.7.34024.191
MinimumVisualStudioVersion = 10.0.40219.1
Project("{FAE04EC0-301F-11D3-BF4B-00C04F79EFBC}") = "Lesson_11_09", "PV_211\Lesson_11_09.csproj", "{485B0E55-657E-411B-97B3-7CE71B598011}"
EndProject
Project("{FAE04EC0-301F-11D3-BF4B-00C04F79EFBC}") = "DZ_1", "DZ_1\DZ_1.csproj", "{791C2B00-A270-48B2-B3F7-D0F62428AE38}"
EndProject
Project("{FAE04EC0-301F-11D3-BF4B-00C04F79EFBC}") = "Lesson_13_09", "Lessons13_09\Lesson_13_09.csproj", "{1675F134-C410-439D-B4BE-F3003A754396}"
EndProject
Project("{FAE04EC0-301F-11D3-BF4B-00C04F79EFBC}") = "DZ_2", "DZ_2\DZ_2.csproj", "{5FCF1033-58A3-4A9E-A458-7523D262CF35}"
EndProject
Project("{FAE04EC0-301F-11D3-BF4B-00C04F79EFBC}") = "Lesson_14_09", "Lesson_14_09\Lesson_14_09.csproj", "{2A32A4AF-F4A6-4938-83E5-36306266FF84}"
EndProject
Project("{FAE04EC0-301F-11D3-BF4B-00C04F79EFBC}") = "DZ_3", "DZ_3\DZ_3.csproj", "{B5B5CF96-D8E0-49F3-82C7-717680F853C1}"
EndProject
Project("{FAE04EC0-301F-11D3-BF4B-00C04F79EFBC}") = "Lesson_18_09", "Lesson_18_09\Lesson_18_09.csproj", "{218EB6CE-EFCD-45C1-BCDA-F08312CAFBB4}"
EndProject
Project("{FAE04EC0-301F-11D3-BF4B-00C04F79EFBC}") = "Lesson_20_08", "Lesson_20_08\Lesson_20_08.csproj", "{DD757E07-F863-42B3-BB07-C66357691E57}"
EndProject
Project("{FAE04EC0-301F-11D3-BF4B-00C04F79EFBC}") = "Lesson_21_09", "Lesson_21_09\Lesson_21_09.csproj", "{C0651FC8-F284-4CA4-8C06-91D2870B5985}"
EndProject
Project("{FAE04EC0-301F-11D3-BF4B-00C04F79EFBC}") = "Lesson_21_09(01)", "Lesson_21_09(01)\Lesson_21_09(01).csproj", "{6F7BD5E0-F7DB-4520-BD56-9A204B3250D7}"
EndProject
Project("{FAE04EC0-301F-11D3-BF4B-00C04F79EFBC}") = "DZ_4", "DZ_4\DZ_4.csproj", "{E4FEC580-D082-43F9-8E2B-837ED07EEBC2}"
EndProject
Project("{FAE04EC0-301F-11D3-BF4B-00C04F79EFBC}") = "DZ_5_4", "DZ_5\DZ_5_4.csproj", "{B177143F-AC88-41CE-9611-3CA23C4112F9}"
EndProject
Project("{FAE04EC0-301F-11D3-BF4B-00C04F79EFBC}") = "DZ_5_5", "DZ_5_5\DZ_5_5.csproj", "{A5AD9FA6-BE98-48D7-8DBF-A0C6000DEA32}"
EndProject
Project("{FAE04EC0-301F-11D3-BF4B-00C04F79EFBC}") = "DZ_5_6", "DZ_5_6\DZ_5_6.csproj", "{3321BCA3-EEF5-4760-93AB-C0557C55F4CC}"
EndProject
Project("{FAE04EC0-301F-11D3-BF4B-00C04F79EFBC}") = "Lesson_25_09", "Lesson_25_09\Lesson_25_09.csproj", "{D08173C0-FE10-4A0B-8C92-60CF93224BF5}"
EndProject
Project("{FAE04EC0-301F-11D3-BF4B-00C04F79EFBC}") = "Prakt_25_09", "Prakt_25_09\Prakt_25_09.csproj", "{76D5CC15-B27A-4576-8497-CE08E3333451}"
EndProject
Project("{FAE04EC0-301F-11D3-BF4B-00C04F79EFBC}") = "Prakt_27_09", "Prakt_27_09\Prakt_27_09.csproj", "{FA25A894-53B0-4D28-B3E2-132C776B30E6}"
EndProject
Project("{9A19103F-16F7-4668-BE54-9A1E7A4F7556}") = "Lesson_27_09", "Lesson_27_09\Lesson_27_09.csproj", "{C83898B8-FB0E-46D3-A36B-CB7750CB9BBC}"
EndProject
Project("{FAE04EC0-301F-11D3-BF4B-00C04F79EFBC}") = "DZ_6", "DZ_6\DZ_6.csproj", "{72BA62EB-1ADE-4274-B089-44624CDB9B73}"
EndProject
Project("{9A19103F-16F7-4668-BE54-9A1E7A4F7556}") = "DZ_6_1", "DZ_6_1\DZ_6_1.csproj", "{86F02B33-C88B-4E4F-A415-C83B9ECAB833}"
EndProject
Project("{FAE04EC0-301F-11D3-BF4B-00C04F79EFBC}") = "Lesson_02_10", "Lesson_02_10\Lesson_02_10.csproj", "{3EE68883-4369-4629-B906-81485295ECD3}"
EndProject
Project("{9A19103F-16F7-4668-BE54-9A1E7A4F7556}") = "Prakt_02_10", "Prakt_02_10\Prakt_02_10.csproj", "{8E4F301B-3C01-4819-B9EA-F030C7978C40}"
EndProject
Project("{FAE04EC0-301F-11D3-BF4B-00C04F79EFBC}") = "Lesson_04_10", "Lesson_04_10\Lesson_04_10.csproj", "{E8AAA8C4-AA45-40FB-A12B-2C378E3EA859}"
EndProject
Global
	GlobalSection(SolutionConfigurationPlatforms) = preSolution
		Debug|Any CPU = Debug|Any CPU
		Release|Any CPU = Release|Any CPU
	EndGlobalSection
	GlobalSection(ProjectConfigurationPlatforms) = postSolution
		{485B0E55-657E-411B-97B3-7CE71B598011}.Debug|Any CPU.ActiveCfg = Debug|Any CPU
		{485B0E55-657E-411B-97B3-7CE71B598011}.Debug|Any CPU.Build.0 = Debug|Any CPU
		{485B0E55-657E-411B-97B3-7CE71B598011}.Release|Any CPU.ActiveCfg = Release|Any CPU
		{485B0E55-657E-411B-97B3-7CE71B598011}.Release|Any CPU.Build.0 = Release|Any CPU
		{791C2B00-A270-48B2-B3F7-D0F62428AE38}.Debug|Any CPU.ActiveCfg = Debug|Any CPU
		{791C2B00-A270-48B2-B3F7-D0F62428AE38}.Debug|Any CPU.Build.0 = Debug|Any CPU
		{791C2B00-A270-48B2-B3F7-D0F62428AE38}.Release|Any CPU.ActiveCfg = Release|Any CPU
		{791C2B00-A270-48B2-B3F7-D0F62428AE38}.Release|Any CPU.Build.0 = Release|Any CPU
		{1675F134-C410-439D-B4BE-F3003A754396}.Debug|Any CPU.ActiveCfg = Debug|Any CPU
		{1675F134-C410-439D-B4BE-F3003A754396}.Debug|Any CPU.Build.0 = Debug|Any CPU
		{1675F134-C410-439D-B4BE-F3003A754396}.Release|Any CPU.ActiveCfg = Release|Any CPU
		{1675F134-C410-439D-B4BE-F3003A754396}.Release|Any CPU.Build.0 = Release|Any CPU
		{5FCF1033-58A3-4A9E-A458-7523D262CF35}.Debug|Any CPU.ActiveCfg = Debug|Any CPU
		{5FCF1033-58A3-4A9E-A458-7523D262CF35}.Debug|Any CPU.Build.0 = Debug|Any CPU
		{5FCF1033-58A3-4A9E-A458-7523D262CF35}.Release|Any CPU.ActiveCfg = Release|Any CPU
		{5FCF1033-58A3-4A9E-A458-7523D262CF35}.Release|Any CPU.Build.0 = Release|Any CPU
		{2A32A4AF-F4A6-4938-83E5-36306266FF84}.Debug|Any CPU.ActiveCfg = Debug|Any CPU
		{2A32A4AF-F4A6-4938-83E5-36306266FF84}.Debug|Any CPU.Build.0 = Debug|Any CPU
		{2A32A4AF-F4A6-4938-83E5-36306266FF84}.Release|Any CPU.ActiveCfg = Release|Any CPU
		{2A32A4AF-F4A6-4938-83E5-36306266FF84}.Release|Any CPU.Build.0 = Release|Any CPU
		{B5B5CF96-D8E0-49F3-82C7-717680F853C1}.Debug|Any CPU.ActiveCfg = Debug|Any CPU
		{B5B5CF96-D8E0-49F3-82C7-717680F853C1}.Debug|Any CPU.Build.0 = Debug|Any CPU
		{B5B5CF96-D8E0-49F3-82C7-717680F853C1}.Release|Any CPU.ActiveCfg = Release|Any CPU
		{B5B5CF96-D8E0-49F3-82C7-717680F853C1}.Release|Any CPU.Build.0 = Release|Any CPU
		{218EB6CE-EFCD-45C1-BCDA-F08312CAFBB4}.Debug|Any CPU.ActiveCfg = Debug|Any CPU
		{218EB6CE-EFCD-45C1-BCDA-F08312CAFBB4}.Debug|Any CPU.Build.0 = Debug|Any CPU
		{218EB6CE-EFCD-45C1-BCDA-F08312CAFBB4}.Release|Any CPU.ActiveCfg = Release|Any CPU
		{218EB6CE-EFCD-45C1-BCDA-F08312CAFBB4}.Release|Any CPU.Build.0 = Release|Any CPU
		{DD757E07-F863-42B3-BB07-C66357691E57}.Debug|Any CPU.ActiveCfg = Debug|Any CPU
		{DD757E07-F863-42B3-BB07-C66357691E57}.Debug|Any CPU.Build.0 = Debug|Any CPU
		{DD757E07-F863-42B3-BB07-C66357691E57}.Release|Any CPU.ActiveCfg = Release|Any CPU
		{DD757E07-F863-42B3-BB07-C66357691E57}.Release|Any CPU.Build.0 = Release|Any CPU
		{C0651FC8-F284-4CA4-8C06-91D2870B5985}.Debug|Any CPU.ActiveCfg = Debug|Any CPU
		{C0651FC8-F284-4CA4-8C06-91D2870B5985}.Debug|Any CPU.Build.0 = Debug|Any CPU
		{C0651FC8-F284-4CA4-8C06-91D2870B5985}.Release|Any CPU.ActiveCfg = Release|Any CPU
		{C0651FC8-F284-4CA4-8C06-91D2870B5985}.Release|Any CPU.Build.0 = Release|Any CPU
		{6F7BD5E0-F7DB-4520-BD56-9A204B3250D7}.Debug|Any CPU.ActiveCfg = Debug|Any CPU
		{6F7BD5E0-F7DB-4520-BD56-9A204B3250D7}.Debug|Any CPU.Build.0 = Debug|Any CPU
		{6F7BD5E0-F7DB-4520-BD56-9A204B3250D7}.Release|Any CPU.ActiveCfg = Release|Any CPU
		{6F7BD5E0-F7DB-4520-BD56-9A204B3250D7}.Release|Any CPU.Build.0 = Release|Any CPU
		{E4FEC580-D082-43F9-8E2B-837ED07EEBC2}.Debug|Any CPU.ActiveCfg = Debug|Any CPU
		{E4FEC580-D082-43F9-8E2B-837ED07EEBC2}.Debug|Any CPU.Build.0 = Debug|Any CPU
		{E4FEC580-D082-43F9-8E2B-837ED07EEBC2}.Release|Any CPU.ActiveCfg = Release|Any CPU
		{E4FEC580-D082-43F9-8E2B-837ED07EEBC2}.Release|Any CPU.Build.0 = Release|Any CPU
		{B177143F-AC88-41CE-9611-3CA23C4112F9}.Debug|Any CPU.ActiveCfg = Debug|Any CPU
		{B177143F-AC88-41CE-9611-3CA23C4112F9}.Debug|Any CPU.Build.0 = Debug|Any CPU
		{B177143F-AC88-41CE-9611-3CA23C4112F9}.Release|Any CPU.ActiveCfg = Release|Any CPU
		{B177143F-AC88-41CE-9611-3CA23C4112F9}.Release|Any CPU.Build.0 = Release|Any CPU
		{A5AD9FA6-BE98-48D7-8DBF-A0C6000DEA32}.Debug|Any CPU.ActiveCfg = Debug|Any CPU
		{A5AD9FA6-BE98-48D7-8DBF-A0C6000DEA32}.Debug|Any CPU.Build.0 = Debug|Any CPU
		{A5AD9FA6-BE98-48D7-8DBF-A0C6000DEA32}.Release|Any CPU.ActiveCfg = Release|Any CPU
		{A5AD9FA6-BE98-48D7-8DBF-A0C6000DEA32}.Release|Any CPU.Build.0 = Release|Any CPU
		{3321BCA3-EEF5-4760-93AB-C0557C55F4CC}.Debug|Any CPU.ActiveCfg = Debug|Any CPU
		{3321BCA3-EEF5-4760-93AB-C0557C55F4CC}.Debug|Any CPU.Build.0 = Debug|Any CPU
		{3321BCA3-EEF5-4760-93AB-C0557C55F4CC}.Release|Any CPU.ActiveCfg = Release|Any CPU
		{3321BCA3-EEF5-4760-93AB-C0557C55F4CC}.Release|Any CPU.Build.0 = Release|Any CPU
		{D08173C0-FE10-4A0B-8C92-60CF93224BF5}.Debug|Any CPU.ActiveCfg = Debug|Any CPU
		{D08173C0-FE10-4A0B-8C92-60CF93224BF5}.Debug|Any CPU.Build.0 = Debug|Any CPU
		{D08173C0-FE10-4A0B-8C92-60CF93224BF5}.Release|Any CPU.ActiveCfg = Release|Any CPU
		{D08173C0-FE10-4A0B-8C92-60CF93224BF5}.Release|Any CPU.Build.0 = Release|Any CPU
		{76D5CC15-B27A-4576-8497-CE08E3333451}.Debug|Any CPU.ActiveCfg = Debug|Any CPU
		{76D5CC15-B27A-4576-8497-CE08E3333451}.Debug|Any CPU.Build.0 = Debug|Any CPU
		{76D5CC15-B27A-4576-8497-CE08E3333451}.Release|Any CPU.ActiveCfg = Release|Any CPU
		{76D5CC15-B27A-4576-8497-CE08E3333451}.Release|Any CPU.Build.0 = Release|Any CPU
		{FA25A894-53B0-4D28-B3E2-132C776B30E6}.Debug|Any CPU.ActiveCfg = Debug|Any CPU
		{FA25A894-53B0-4D28-B3E2-132C776B30E6}.Debug|Any CPU.Build.0 = Debug|Any CPU
		{FA25A894-53B0-4D28-B3E2-132C776B30E6}.Release|Any CPU.ActiveCfg = Release|Any CPU
		{FA25A894-53B0-4D28-B3E2-132C776B30E6}.Release|Any CPU.Build.0 = Release|Any CPU
		{C83898B8-FB0E-46D3-A36B-CB7750CB9BBC}.Debug|Any CPU.ActiveCfg = Debug|Any CPU
		{C83898B8-FB0E-46D3-A36B-CB7750CB9BBC}.Debug|Any CPU.Build.0 = Debug|Any CPU
		{C83898B8-FB0E-46D3-A36B-CB7750CB9BBC}.Release|Any CPU.ActiveCfg = Release|Any CPU
		{C83898B8-FB0E-46D3-A36B-CB7750CB9BBC}.Release|Any CPU.Build.0 = Release|Any CPU
		{72BA62EB-1ADE-4274-B089-44624CDB9B73}.Debug|Any CPU.ActiveCfg = Debug|Any CPU
		{72BA62EB-1ADE-4274-B089-44624CDB9B73}.Debug|Any CPU.Build.0 = Debug|Any CPU
		{72BA62EB-1ADE-4274-B089-44624CDB9B73}.Release|Any CPU.ActiveCfg = Release|Any CPU
		{72BA62EB-1ADE-4274-B089-44624CDB9B73}.Release|Any CPU.Build.0 = Release|Any CPU
		{86F02B33-C88B-4E4F-A415-C83B9ECAB833}.Debug|Any CPU.ActiveCfg = Debug|Any CPU
		{86F02B33-C88B-4E4F-A415-C83B9ECAB833}.Debug|Any CPU.Build.0 = Debug|Any CPU
		{86F02B33-C88B-4E4F-A415-C83B9ECAB833}.Release|Any CPU.ActiveCfg = Release|Any CPU
		{86F02B33-C88B-4E4F-A415-C83B9ECAB833}.Release|Any CPU.Build.0 = Release|Any CPU
		{3EE68883-4369-4629-B906-81485295ECD3}.Debug|Any CPU.ActiveCfg = Debug|Any CPU
		{3EE68883-4369-4629-B906-81485295ECD3}.Debug|Any CPU.Build.0 = Debug|Any CPU
		{3EE68883-4369-4629-B906-81485295ECD3}.Release|Any CPU.ActiveCfg = Release|Any CPU
		{3EE68883-4369-4629-B906-81485295ECD3}.Release|Any CPU.Build.0 = Release|Any CPU
		{8E4F301B-3C01-4819-B9EA-F030C7978C40}.Debug|Any CPU.ActiveCfg = Debug|Any CPU
		{8E4F301B-3C01-4819-B9EA-F030C7978C40}.Debug|Any CPU.Build.0 = Debug|Any CPU
		{8E4F301B-3C01-4819-B9EA-F030C7978C40}.Release|Any CPU.ActiveCfg = Release|Any CPU
		{8E4F301B-3C01-4819-B9EA-F030C7978C40}.Release|Any CPU.Build.0 = Release|Any CPU
		{E8AAA8C4-AA45-40FB-A12B-2C378E3EA859}.Debug|Any CPU.ActiveCfg = Debug|Any CPU
		{E8AAA8C4-AA45-40FB-A12B-2C378E3EA859}.Debug|Any CPU.Build.0 = Debug|Any CPU
		{E8AAA8C4-AA45-40FB-A12B-2C378E3EA859}.Release|Any CPU.ActiveCfg = Release|Any CPU
		{E8AAA8C4-AA45-40FB-A12B-2C378E3EA859}.Release|Any CPU.Build.0 = Release|Any CPU
	EndGlobalSection
	GlobalSection(SolutionProperties) = preSolution
		HideSolutionNode = FALSE
	EndGlobalSection
	GlobalSection(ExtensibilityGlobals) = postSolution
		SolutionGuid = {F942D729-C5CF-4245-B3A0-94DBBC49B1D5}
	EndGlobalSection
EndGlobal
